
Microsoft Visual Studio Solution File, Format Version 12.00
# Visual Studio Version 17
VisualStudioVersion = 17.5.002.0
MinimumVisualStudioVersion = 10.0.40219.1
Project("{2150E333-8FDC-42A3-9474-1A3956D46DE8}") = "tstng", "tstng", "{2CCC9D91-EF8B-46D8-BD82-2DA7AA8A40DE}"
EndProject
Project("{2150E333-8FDC-42A3-9474-1A3956D46DE8}") = "tstng", "tstng", "{164406C3-5F25-4FC1-A8EC-8082353B44B3}"
EndProject
Project("{9A19103F-16F7-4668-BE54-9A1E7A4F7556}") = "hello_world", "tstng\tstng\hello_world\hello_world.csproj", "{545A06DA-9583-4DC1-820A-36F48D23BBF3}"
EndProject
Global
	GlobalSection(SolutionConfigurationPlatforms) = preSolution
		Debug|Any CPU = Debug|Any CPU
		Release|Any CPU = Release|Any CPU
	EndGlobalSection
	GlobalSection(ProjectConfigurationPlatforms) = postSolution
		{545A06DA-9583-4DC1-820A-36F48D23BBF3}.Debug|Any CPU.ActiveCfg = Debug|Any CPU
		{545A06DA-9583-4DC1-820A-36F48D23BBF3}.Debug|Any CPU.Build.0 = Debug|Any CPU
		{545A06DA-9583-4DC1-820A-36F48D23BBF3}.Release|Any CPU.ActiveCfg = Release|Any CPU
		{545A06DA-9583-4DC1-820A-36F48D23BBF3}.Release|Any CPU.Build.0 = Release|Any CPU
	EndGlobalSection
	GlobalSection(SolutionProperties) = preSolution
		HideSolutionNode = FALSE
	EndGlobalSection
	GlobalSection(NestedProjects) = preSolution
		{164406C3-5F25-4FC1-A8EC-8082353B44B3} = {2CCC9D91-EF8B-46D8-BD82-2DA7AA8A40DE}
		{545A06DA-9583-4DC1-820A-36F48D23BBF3} = {164406C3-5F25-4FC1-A8EC-8082353B44B3}
	EndGlobalSection
	GlobalSection(ExtensibilityGlobals) = postSolution
		SolutionGuid = {5E215282-7B17-4020-8A97-C37D608D8DAB}
	EndGlobalSection
EndGlobal
