
Microsoft Visual Studio Solution File, Format Version 12.00
# Visual Studio Version 17
VisualStudioVersion = 17.5.002.0
MinimumVisualStudioVersion = 10.0.40219.1
Project("{9A19103F-16F7-4668-BE54-9A1E7A4F7556}") = "090624", "090624\090624.csproj", "{E334EFD8-03BD-4CBC-A76D-0D0464892795}"
EndProject
Project("{9A19103F-16F7-4668-BE54-9A1E7A4F7556}") = "FizzBuzz", "FizzBuzz\FizzBuzz.csproj", "{EFE658E7-1FA0-4955-9CED-B107A7283986}"
EndProject
Project("{2150E333-8FDC-42A3-9474-1A3956D46DE8}") = "tstng", "tstng", "{3AA361CE-DAE4-4C50-AC1D-40411A2F6AAD}"
EndProject
Project("{2150E333-8FDC-42A3-9474-1A3956D46DE8}") = "tstng", "tstng", "{7205B453-1F5E-4A01-9788-C55FF9EA167B}"
EndProject
Project("{9A19103F-16F7-4668-BE54-9A1E7A4F7556}") = "hello_world", "tstng\tstng\hello_world\hello_world.csproj", "{6DCFDCA9-6A3E-4415-9874-2D5DC254747A}"
EndProject
Project("{2150E333-8FDC-42A3-9474-1A3956D46DE8}") = "082024", "082024", "{4E9CB27D-E036-4770-BDC2-51083C41A636}"
EndProject
Project("{2150E333-8FDC-42A3-9474-1A3956D46DE8}") = "CsharpProjects", "CsharpProjects", "{7B48C02F-34D3-4BAB-9E3E-07A734476D31}"
EndProject
Project("{9A19103F-16F7-4668-BE54-9A1E7A4F7556}") = "TestProject", "tstng\082024\CsharpProjects\TestProject\TestProject.csproj", "{A2418AB5-0024-4BE6-9C5B-529F7DA70731}"
EndProject
Global
	GlobalSection(SolutionConfigurationPlatforms) = preSolution
		Debug|Any CPU = Debug|Any CPU
		Release|Any CPU = Release|Any CPU
	EndGlobalSection
	GlobalSection(ProjectConfigurationPlatforms) = postSolution
		{E334EFD8-03BD-4CBC-A76D-0D0464892795}.Debug|Any CPU.ActiveCfg = Debug|Any CPU
		{E334EFD8-03BD-4CBC-A76D-0D0464892795}.Debug|Any CPU.Build.0 = Debug|Any CPU
		{E334EFD8-03BD-4CBC-A76D-0D0464892795}.Release|Any CPU.ActiveCfg = Release|Any CPU
		{E334EFD8-03BD-4CBC-A76D-0D0464892795}.Release|Any CPU.Build.0 = Release|Any CPU
		{EFE658E7-1FA0-4955-9CED-B107A7283986}.Debug|Any CPU.ActiveCfg = Debug|Any CPU
		{EFE658E7-1FA0-4955-9CED-B107A7283986}.Debug|Any CPU.Build.0 = Debug|Any CPU
		{EFE658E7-1FA0-4955-9CED-B107A7283986}.Release|Any CPU.ActiveCfg = Release|Any CPU
		{EFE658E7-1FA0-4955-9CED-B107A7283986}.Release|Any CPU.Build.0 = Release|Any CPU
		{6DCFDCA9-6A3E-4415-9874-2D5DC254747A}.Debug|Any CPU.ActiveCfg = Debug|Any CPU
		{6DCFDCA9-6A3E-4415-9874-2D5DC254747A}.Debug|Any CPU.Build.0 = Debug|Any CPU
		{6DCFDCA9-6A3E-4415-9874-2D5DC254747A}.Release|Any CPU.ActiveCfg = Release|Any CPU
		{6DCFDCA9-6A3E-4415-9874-2D5DC254747A}.Release|Any CPU.Build.0 = Release|Any CPU
		{A2418AB5-0024-4BE6-9C5B-529F7DA70731}.Debug|Any CPU.ActiveCfg = Debug|Any CPU
		{A2418AB5-0024-4BE6-9C5B-529F7DA70731}.Debug|Any CPU.Build.0 = Debug|Any CPU
		{A2418AB5-0024-4BE6-9C5B-529F7DA70731}.Release|Any CPU.ActiveCfg = Release|Any CPU
		{A2418AB5-0024-4BE6-9C5B-529F7DA70731}.Release|Any CPU.Build.0 = Release|Any CPU
	EndGlobalSection
	GlobalSection(SolutionProperties) = preSolution
		HideSolutionNode = FALSE
	EndGlobalSection
	GlobalSection(NestedProjects) = preSolution
		{7205B453-1F5E-4A01-9788-C55FF9EA167B} = {3AA361CE-DAE4-4C50-AC1D-40411A2F6AAD}
		{6DCFDCA9-6A3E-4415-9874-2D5DC254747A} = {7205B453-1F5E-4A01-9788-C55FF9EA167B}
		{4E9CB27D-E036-4770-BDC2-51083C41A636} = {3AA361CE-DAE4-4C50-AC1D-40411A2F6AAD}
		{7B48C02F-34D3-4BAB-9E3E-07A734476D31} = {4E9CB27D-E036-4770-BDC2-51083C41A636}
		{A2418AB5-0024-4BE6-9C5B-529F7DA70731} = {7B48C02F-34D3-4BAB-9E3E-07A734476D31}
	EndGlobalSection
	GlobalSection(ExtensibilityGlobals) = postSolution
		SolutionGuid = {5E215282-7B17-4020-8A97-C37D608D8DAB}
	EndGlobalSection
EndGlobal
